
Microsoft Visual Studio Solution File, Format Version 12.00
# Visual Studio Version 16
VisualStudioVersion = 16.0.31911.196
MinimumVisualStudioVersion = 10.0.40219.1
Project("{FAE04EC0-301F-11D3-BF4B-00C04F79EFBC}") = "AppEbtisam", "AppEbtisam.csproj", "{37738EE6-050A-49E1-8A41-0603CDB48D20}"
EndProject
Global
	GlobalSection(SolutionConfigurationPlatforms) = preSolution
		Debug|Any CPU = Debug|Any CPU
		Release|Any CPU = Release|Any CPU
	EndGlobalSection
	GlobalSection(ProjectConfigurationPlatforms) = postSolution
		{37738EE6-050A-49E1-8A41-0603CDB48D20}.Debug|Any CPU.ActiveCfg = Debug|Any CPU
		{37738EE6-050A-49E1-8A41-0603CDB48D20}.Debug|Any CPU.Build.0 = Debug|Any CPU
		{37738EE6-050A-49E1-8A41-0603CDB48D20}.Release|Any CPU.ActiveCfg = Release|Any CPU
		{37738EE6-050A-49E1-8A41-0603CDB48D20}.Release|Any CPU.Build.0 = Release|Any CPU
	EndGlobalSection
	GlobalSection(SolutionProperties) = preSolution
		HideSolutionNode = FALSE
	EndGlobalSection
	GlobalSection(ExtensibilityGlobals) = postSolution
		SolutionGuid = {94409337-51A5-414E-91BC-0BDC36CFD219}
	EndGlobalSection
EndGlobal
